
Microsoft Visual Studio Solution File, Format Version 12.00
# Visual Studio Version 16
VisualStudioVersion = 16.0.32106.194
MinimumVisualStudioVersion = 10.0.40219.1
Project("{FAE04EC0-301F-11D3-BF4B-00C04F79EFBC}") = "PresentationLayer", "PresentationLayer\PresentationLayer.csproj", "{8C4E068D-DEB7-4F06-8F9C-E1C5D6782D06}"
EndProject
Project("{FAE04EC0-301F-11D3-BF4B-00C04F79EFBC}") = "EntityLayer", "EntityLayer\EntityLayer.csproj", "{F4C4073D-F22E-4934-929E-1134C2AD3329}"
EndProject
Project("{FAE04EC0-301F-11D3-BF4B-00C04F79EFBC}") = "BusinessLayer", "BusinessLayer\BusinessLayer.csproj", "{09750B16-8A4F-4B75-98A3-982C810EA4DA}"
EndProject
Project("{FAE04EC0-301F-11D3-BF4B-00C04F79EFBC}") = "DataAccessLayer", "DataAccessLayer\DataAccessLayer.csproj", "{D1E4D9B8-9B05-45B2-80F4-A142DCBF2344}"
EndProject
Project("{2150E333-8FDC-42A3-9474-1A3956D46DE8}") = "Solution Items", "Solution Items", "{7147DF1E-CA7A-4F10-B980-67B0CD62DF3D}"
	ProjectSection(SolutionItems) = preProject
		Proje Detayları.txt = Proje Detayları.txt
	EndProjectSection
EndProject
Global
	GlobalSection(SolutionConfigurationPlatforms) = preSolution
		Debug|Any CPU = Debug|Any CPU
		Release|Any CPU = Release|Any CPU
	EndGlobalSection
	GlobalSection(ProjectConfigurationPlatforms) = postSolution
		{8C4E068D-DEB7-4F06-8F9C-E1C5D6782D06}.Debug|Any CPU.ActiveCfg = Debug|Any CPU
		{8C4E068D-DEB7-4F06-8F9C-E1C5D6782D06}.Debug|Any CPU.Build.0 = Debug|Any CPU
		{8C4E068D-DEB7-4F06-8F9C-E1C5D6782D06}.Release|Any CPU.ActiveCfg = Release|Any CPU
		{8C4E068D-DEB7-4F06-8F9C-E1C5D6782D06}.Release|Any CPU.Build.0 = Release|Any CPU
		{F4C4073D-F22E-4934-929E-1134C2AD3329}.Debug|Any CPU.ActiveCfg = Debug|Any CPU
		{F4C4073D-F22E-4934-929E-1134C2AD3329}.Debug|Any CPU.Build.0 = Debug|Any CPU
		{F4C4073D-F22E-4934-929E-1134C2AD3329}.Release|Any CPU.ActiveCfg = Release|Any CPU
		{F4C4073D-F22E-4934-929E-1134C2AD3329}.Release|Any CPU.Build.0 = Release|Any CPU
		{09750B16-8A4F-4B75-98A3-982C810EA4DA}.Debug|Any CPU.ActiveCfg = Debug|Any CPU
		{09750B16-8A4F-4B75-98A3-982C810EA4DA}.Debug|Any CPU.Build.0 = Debug|Any CPU
		{09750B16-8A4F-4B75-98A3-982C810EA4DA}.Release|Any CPU.ActiveCfg = Release|Any CPU
		{09750B16-8A4F-4B75-98A3-982C810EA4DA}.Release|Any CPU.Build.0 = Release|Any CPU
		{D1E4D9B8-9B05-45B2-80F4-A142DCBF2344}.Debug|Any CPU.ActiveCfg = Debug|Any CPU
		{D1E4D9B8-9B05-45B2-80F4-A142DCBF2344}.Debug|Any CPU.Build.0 = Debug|Any CPU
		{D1E4D9B8-9B05-45B2-80F4-A142DCBF2344}.Release|Any CPU.ActiveCfg = Release|Any CPU
		{D1E4D9B8-9B05-45B2-80F4-A142DCBF2344}.Release|Any CPU.Build.0 = Release|Any CPU
	EndGlobalSection
	GlobalSection(SolutionProperties) = preSolution
		HideSolutionNode = FALSE
	EndGlobalSection
	GlobalSection(ExtensibilityGlobals) = postSolution
		SolutionGuid = {114FF463-F0B0-4BC3-817A-6B926DC3736D}
	EndGlobalSection
EndGlobal
